{
  "name": "ngx-power-table",
  "version": "0.5.0",
  "lockfileVersion": 2,
  "requires": true,
  "packages": {
    "": {
      "version": "0.5.0",
      "dependencies": {
        "tslib": "^2.0.0"
      },
      "peerDependencies": {
        "@angular/common": "^11.0.0",
        "@angular/core": "^11.0.0",
        "@angular/platform-browser": "^11.0.0"
      }
    },
    "node_modules/@angular/common": {
      "version": "11.2.4",
      "resolved": "https://registry.npmjs.org/@angular/common/-/common-11.2.4.tgz",
      "integrity": "sha512-1Zf+ejJcfSFcnAhtyEjuBw7mqeT4wbfMT5xPzpgs2qRXOOi1Ag59NG6QLeNGcy55sjykUMP9xpWXx6dWXdD54g==",
      "peer": true,
      "dependencies": {
        "tslib": "^2.0.0"
      },
      "peerDependencies": {
        "@angular/core": "11.2.4",
        "rxjs": "^6.5.3"
      }
    },
    "node_modules/@angular/core": {
      "version": "11.2.4",
      "resolved": "https://registry.npmjs.org/@angular/core/-/core-11.2.4.tgz",
      "integrity": "sha512-MU2DxGJOMLS6rqrakzEKJ2s+CYamM5ETBInqx4uTBJYsek3byF9gbjM6221lv8tal5dMAibigB0UuhXr23rhcQ==",
      "peer": true,
      "dependencies": {
        "tslib": "^2.0.0"
      },
      "peerDependencies": {
        "rxjs": "^6.5.3",
        "zone.js": "^0.10.2 || ^0.11.3"
      }
    },
    "node_modules/@angular/platform-browser": {
      "version": "11.2.4",
      "resolved": "https://registry.npmjs.org/@angular/platform-browser/-/platform-browser-11.2.4.tgz",
      "integrity": "sha512-GOHUM6/r+JXCpVSSY+ET/BqkwqHymdvVTOh9/J/pgSlpPT/5lvjDtbPgdhYOkUsMTkZzKjoXLMcQVtZTCqHdfQ==",
      "peer": true,
      "dependencies": {
        "tslib": "^2.0.0"
      },
      "peerDependencies": {
        "@angular/animations": "11.2.4",
        "@angular/common": "11.2.4",
        "@angular/core": "11.2.4"
      },
      "peerDependenciesMeta": {
        "@angular/animations": {
          "optional": true
        }
      }
    },
    "node_modules/rxjs": {
      "version": "6.6.6",
      "resolved": "https://registry.npmjs.org/rxjs/-/rxjs-6.6.6.tgz",
      "integrity": "sha512-/oTwee4N4iWzAMAL9xdGKjkEHmIwupR3oXbQjCKywF1BeFohswF3vZdogbmEF6pZkOsXTzWkrZszrWpQTByYVg==",
      "peer": true,
      "dependencies": {
        "tslib": "^1.9.0"
      },
      "engines": {
        "npm": ">=2.0.0"
      }
    },
    "node_modules/rxjs/node_modules/tslib": {
      "version": "1.14.1",
      "resolved": "https://registry.npmjs.org/tslib/-/tslib-1.14.1.tgz",
      "integrity": "sha512-Xni35NKzjgMrwevysHTCArtLDpPvye8zV/0E4EyYn43P7/7qvQwPh9BGkHewbMulVntbigmcT7rdX3BNo9wRJg==",
      "peer": true
    },
    "node_modules/tslib": {
      "version": "2.1.0",
      "resolved": "https://registry.npmjs.org/tslib/-/tslib-2.1.0.tgz",
      "integrity": "sha512-hcVC3wYEziELGGmEEXue7D75zbwIIVUMWAVbHItGPx0ziyXxrOMQx4rQEVEV45Ut/1IotuEvwqPopzIOkDMf0A=="
    },
    "node_modules/zone.js": {
      "version": "0.11.4",
      "resolved": "https://registry.npmjs.org/zone.js/-/zone.js-0.11.4.tgz",
      "integrity": "sha512-DDh2Ab+A/B+9mJyajPjHFPWfYU1H+pdun4wnnk0OcQTNjem1XQSZ2CDW+rfZEUDjv5M19SBqAkjZi0x5wuB5Qw==",
      "peer": true,
      "dependencies": {
        "tslib": "^2.0.0"
      }
    }
  },
  "dependencies": {
    "@angular/common": {
      "version": "11.2.4",
      "resolved": "https://registry.npmjs.org/@angular/common/-/common-11.2.4.tgz",
      "integrity": "sha512-1Zf+ejJcfSFcnAhtyEjuBw7mqeT4wbfMT5xPzpgs2qRXOOi1Ag59NG6QLeNGcy55sjykUMP9xpWXx6dWXdD54g==",
      "peer": true,
      "requires": {
        "tslib": "^2.0.0"
      }
    },
    "@angular/core": {
      "version": "11.2.4",
      "resolved": "https://registry.npmjs.org/@angular/core/-/core-11.2.4.tgz",
      "integrity": "sha512-MU2DxGJOMLS6rqrakzEKJ2s+CYamM5ETBInqx4uTBJYsek3byF9gbjM6221lv8tal5dMAibigB0UuhXr23rhcQ==",
      "peer": true,
      "requires": {
        "tslib": "^2.0.0"
      }
    },
    "@angular/platform-browser": {
      "version": "11.2.4",
      "resolved": "https://registry.npmjs.org/@angular/platform-browser/-/platform-browser-11.2.4.tgz",
      "integrity": "sha512-GOHUM6/r+JXCpVSSY+ET/BqkwqHymdvVTOh9/J/pgSlpPT/5lvjDtbPgdhYOkUsMTkZzKjoXLMcQVtZTCqHdfQ==",
      "peer": true,
      "requires": {
        "tslib": "^2.0.0"
      }
    },
    "rxjs": {
      "version": "6.6.6",
      "resolved": "https://registry.npmjs.org/rxjs/-/rxjs-6.6.6.tgz",
      "integrity": "sha512-/oTwee4N4iWzAMAL9xdGKjkEHmIwupR3oXbQjCKywF1BeFohswF3vZdogbmEF6pZkOsXTzWkrZszrWpQTByYVg==",
      "peer": true,
      "requires": {
        "tslib": "^1.9.0"
      },
      "dependencies": {
        "tslib": {
          "version": "1.14.1",
          "resolved": "https://registry.npmjs.org/tslib/-/tslib-1.14.1.tgz",
          "integrity": "sha512-Xni35NKzjgMrwevysHTCArtLDpPvye8zV/0E4EyYn43P7/7qvQwPh9BGkHewbMulVntbigmcT7rdX3BNo9wRJg==",
          "peer": true
        }
      }
    },
    "tslib": {
      "version": "2.1.0",
      "resolved": "https://registry.npmjs.org/tslib/-/tslib-2.1.0.tgz",
      "integrity": "sha512-hcVC3wYEziELGGmEEXue7D75zbwIIVUMWAVbHItGPx0ziyXxrOMQx4rQEVEV45Ut/1IotuEvwqPopzIOkDMf0A=="
    },
    "zone.js": {
      "version": "0.11.4",
      "resolved": "https://registry.npmjs.org/zone.js/-/zone.js-0.11.4.tgz",
      "integrity": "sha512-DDh2Ab+A/B+9mJyajPjHFPWfYU1H+pdun4wnnk0OcQTNjem1XQSZ2CDW+rfZEUDjv5M19SBqAkjZi0x5wuB5Qw==",
      "peer": true,
      "requires": {
        "tslib": "^2.0.0"
      }
    }
  }
}
